
Microsoft Visual Studio Solution File, Format Version 12.00
# Visual Studio Version 17
VisualStudioVersion = 17.7.33711.374
MinimumVisualStudioVersion = 10.0.40219.1
Project("{FAE04EC0-301F-11D3-BF4B-00C04F79EFBC}") = "MealOrder.Server", "MealOrder\Server\MealOrder.Server.csproj", "{1886B9BA-6388-4779-8137-78BC615DC8AD}"
EndProject
Project("{FAE04EC0-301F-11D3-BF4B-00C04F79EFBC}") = "MealOrder.Client", "MealOrder\Client\MealOrder.Client.csproj", "{B0956F47-C70A-4CAD-86F6-5D74387C3BF7}"
EndProject
Project("{FAE04EC0-301F-11D3-BF4B-00C04F79EFBC}") = "MealOrder.Shared", "MealOrder\Shared\MealOrder.Shared.csproj", "{8371BBD0-5ED2-4073-84D4-0DDDFF605E96}"
EndProject
Global
	GlobalSection(SolutionConfigurationPlatforms) = preSolution
		Debug|Any CPU = Debug|Any CPU
		Release|Any CPU = Release|Any CPU
	EndGlobalSection
	GlobalSection(ProjectConfigurationPlatforms) = postSolution
		{1886B9BA-6388-4779-8137-78BC615DC8AD}.Debug|Any CPU.ActiveCfg = Debug|Any CPU
		{1886B9BA-6388-4779-8137-78BC615DC8AD}.Debug|Any CPU.Build.0 = Debug|Any CPU
		{1886B9BA-6388-4779-8137-78BC615DC8AD}.Release|Any CPU.ActiveCfg = Release|Any CPU
		{1886B9BA-6388-4779-8137-78BC615DC8AD}.Release|Any CPU.Build.0 = Release|Any CPU
		{B0956F47-C70A-4CAD-86F6-5D74387C3BF7}.Debug|Any CPU.ActiveCfg = Debug|Any CPU
		{B0956F47-C70A-4CAD-86F6-5D74387C3BF7}.Debug|Any CPU.Build.0 = Debug|Any CPU
		{B0956F47-C70A-4CAD-86F6-5D74387C3BF7}.Release|Any CPU.ActiveCfg = Release|Any CPU
		{B0956F47-C70A-4CAD-86F6-5D74387C3BF7}.Release|Any CPU.Build.0 = Release|Any CPU
		{8371BBD0-5ED2-4073-84D4-0DDDFF605E96}.Debug|Any CPU.ActiveCfg = Debug|Any CPU
		{8371BBD0-5ED2-4073-84D4-0DDDFF605E96}.Debug|Any CPU.Build.0 = Debug|Any CPU
		{8371BBD0-5ED2-4073-84D4-0DDDFF605E96}.Release|Any CPU.ActiveCfg = Release|Any CPU
		{8371BBD0-5ED2-4073-84D4-0DDDFF605E96}.Release|Any CPU.Build.0 = Release|Any CPU
	EndGlobalSection
	GlobalSection(SolutionProperties) = preSolution
		HideSolutionNode = FALSE
	EndGlobalSection
	GlobalSection(ExtensibilityGlobals) = postSolution
		SolutionGuid = {7419A347-4934-4901-B42D-9643B598D7E0}
	EndGlobalSection
EndGlobal
